
Microsoft Visual Studio Solution File, Format Version 12.00
# Visual Studio 15
VisualStudioVersion = 15.0.28010.2036
MinimumVisualStudioVersion = 10.0.40219.1
Project("{8BC9CEB8-8B4A-11D0-8D11-00A0C91BC942}") = "01-linear-program", "01-linear-program\01-linear-program.vcxproj", "{7452F5EB-CFAE-4C7C-8CAD-3C4A87D126C1}"
EndProject
Project("{8BC9CEB8-8B4A-11D0-8D11-00A0C91BC942}") = "02-conditionals-loops-1", "02-conditionals-loops-1\02-conditionals-loops-1.vcxproj", "{C2DB2D90-B579-49CB-A3A1-086F7FD65636}"
EndProject
Project("{8BC9CEB8-8B4A-11D0-8D11-00A0C91BC942}") = "03-conditionals-loops-2", "03-conditionals-loops-2\03-conditionals-loops-2.vcxproj", "{8002B1FE-C50B-4ED3-A191-B94720DA713B}"
EndProject
Project("{8BC9CEB8-8B4A-11D0-8D11-00A0C91BC942}") = "05-arrays-1d", "05-arrays-1d\05-arrays-1d.vcxproj", "{CA1ECCF3-A782-4FFE-9EFF-EF24726BBDA4}"
EndProject
Project("{8BC9CEB8-8B4A-11D0-8D11-00A0C91BC942}") = "06-arrays-2d", "06-arrays-2d\06-arrays-2d.vcxproj", "{127E1E9B-3756-4F8C-8562-747AE7243CAC}"
EndProject
Project("{8BC9CEB8-8B4A-11D0-8D11-00A0C91BC942}") = "07-strings", "07-strings\07-strings.vcxproj", "{D5895CDF-4B06-40D0-B6F2-32D5E3A4B354}"
EndProject
Project("{8BC9CEB8-8B4A-11D0-8D11-00A0C91BC942}") = "08-structures", "08-structures\08-structures.vcxproj", "{4C812616-BF65-4582-90EC-DB7C0CEE65B8}"
EndProject
Project("{8BC9CEB8-8B4A-11D0-8D11-00A0C91BC942}") = "09-multi-file-project", "09-multi-file-project\09-multi-file-project.vcxproj", "{755DCB8F-0400-4BBB-8161-422FFB81CA8B}"
EndProject
Project("{8BC9CEB8-8B4A-11D0-8D11-00A0C91BC942}") = "10-templates", "10-templates\10-templates.vcxproj", "{255B43B9-834B-4BE1-9335-05E3471DF99C}"
EndProject
Project("{8BC9CEB8-8B4A-11D0-8D11-00A0C91BC942}") = "04-functions", "04-functions\04-functions.vcxproj", "{4586BA26-4016-4304-A80D-BA5A26836802}"
EndProject
Global
	GlobalSection(SolutionConfigurationPlatforms) = preSolution
		Debug|x64 = Debug|x64
		Debug|x86 = Debug|x86
		Release|x64 = Release|x64
		Release|x86 = Release|x86
	EndGlobalSection
	GlobalSection(ProjectConfigurationPlatforms) = postSolution
		{7452F5EB-CFAE-4C7C-8CAD-3C4A87D126C1}.Debug|x64.ActiveCfg = Debug|x64
		{7452F5EB-CFAE-4C7C-8CAD-3C4A87D126C1}.Debug|x64.Build.0 = Debug|x64
		{7452F5EB-CFAE-4C7C-8CAD-3C4A87D126C1}.Debug|x86.ActiveCfg = Debug|Win32
		{7452F5EB-CFAE-4C7C-8CAD-3C4A87D126C1}.Debug|x86.Build.0 = Debug|Win32
		{7452F5EB-CFAE-4C7C-8CAD-3C4A87D126C1}.Release|x64.ActiveCfg = Release|x64
		{7452F5EB-CFAE-4C7C-8CAD-3C4A87D126C1}.Release|x64.Build.0 = Release|x64
		{7452F5EB-CFAE-4C7C-8CAD-3C4A87D126C1}.Release|x86.ActiveCfg = Release|Win32
		{7452F5EB-CFAE-4C7C-8CAD-3C4A87D126C1}.Release|x86.Build.0 = Release|Win32
		{C2DB2D90-B579-49CB-A3A1-086F7FD65636}.Debug|x64.ActiveCfg = Debug|x64
		{C2DB2D90-B579-49CB-A3A1-086F7FD65636}.Debug|x64.Build.0 = Debug|x64
		{C2DB2D90-B579-49CB-A3A1-086F7FD65636}.Debug|x86.ActiveCfg = Debug|Win32
		{C2DB2D90-B579-49CB-A3A1-086F7FD65636}.Debug|x86.Build.0 = Debug|Win32
		{C2DB2D90-B579-49CB-A3A1-086F7FD65636}.Release|x64.ActiveCfg = Release|x64
		{C2DB2D90-B579-49CB-A3A1-086F7FD65636}.Release|x64.Build.0 = Release|x64
		{C2DB2D90-B579-49CB-A3A1-086F7FD65636}.Release|x86.ActiveCfg = Release|Win32
		{C2DB2D90-B579-49CB-A3A1-086F7FD65636}.Release|x86.Build.0 = Release|Win32
		{8002B1FE-C50B-4ED3-A191-B94720DA713B}.Debug|x64.ActiveCfg = Debug|x64
		{8002B1FE-C50B-4ED3-A191-B94720DA713B}.Debug|x64.Build.0 = Debug|x64
		{8002B1FE-C50B-4ED3-A191-B94720DA713B}.Debug|x86.ActiveCfg = Debug|Win32
		{8002B1FE-C50B-4ED3-A191-B94720DA713B}.Debug|x86.Build.0 = Debug|Win32
		{8002B1FE-C50B-4ED3-A191-B94720DA713B}.Release|x64.ActiveCfg = Release|x64
		{8002B1FE-C50B-4ED3-A191-B94720DA713B}.Release|x64.Build.0 = Release|x64
		{8002B1FE-C50B-4ED3-A191-B94720DA713B}.Release|x86.ActiveCfg = Release|Win32
		{8002B1FE-C50B-4ED3-A191-B94720DA713B}.Release|x86.Build.0 = Release|Win32
		{CA1ECCF3-A782-4FFE-9EFF-EF24726BBDA4}.Debug|x64.ActiveCfg = Debug|x64
		{CA1ECCF3-A782-4FFE-9EFF-EF24726BBDA4}.Debug|x64.Build.0 = Debug|x64
		{CA1ECCF3-A782-4FFE-9EFF-EF24726BBDA4}.Debug|x86.ActiveCfg = Debug|Win32
		{CA1ECCF3-A782-4FFE-9EFF-EF24726BBDA4}.Debug|x86.Build.0 = Debug|Win32
		{CA1ECCF3-A782-4FFE-9EFF-EF24726BBDA4}.Release|x64.ActiveCfg = Release|x64
		{CA1ECCF3-A782-4FFE-9EFF-EF24726BBDA4}.Release|x64.Build.0 = Release|x64
		{CA1ECCF3-A782-4FFE-9EFF-EF24726BBDA4}.Release|x86.ActiveCfg = Release|Win32
		{CA1ECCF3-A782-4FFE-9EFF-EF24726BBDA4}.Release|x86.Build.0 = Release|Win32
		{127E1E9B-3756-4F8C-8562-747AE7243CAC}.Debug|x64.ActiveCfg = Debug|x64
		{127E1E9B-3756-4F8C-8562-747AE7243CAC}.Debug|x64.Build.0 = Debug|x64
		{127E1E9B-3756-4F8C-8562-747AE7243CAC}.Debug|x86.ActiveCfg = Debug|Win32
		{127E1E9B-3756-4F8C-8562-747AE7243CAC}.Debug|x86.Build.0 = Debug|Win32
		{127E1E9B-3756-4F8C-8562-747AE7243CAC}.Release|x64.ActiveCfg = Release|x64
		{127E1E9B-3756-4F8C-8562-747AE7243CAC}.Release|x64.Build.0 = Release|x64
		{127E1E9B-3756-4F8C-8562-747AE7243CAC}.Release|x86.ActiveCfg = Release|Win32
		{127E1E9B-3756-4F8C-8562-747AE7243CAC}.Release|x86.Build.0 = Release|Win32
		{D5895CDF-4B06-40D0-B6F2-32D5E3A4B354}.Debug|x64.ActiveCfg = Debug|x64
		{D5895CDF-4B06-40D0-B6F2-32D5E3A4B354}.Debug|x64.Build.0 = Debug|x64
		{D5895CDF-4B06-40D0-B6F2-32D5E3A4B354}.Debug|x86.ActiveCfg = Debug|Win32
		{D5895CDF-4B06-40D0-B6F2-32D5E3A4B354}.Debug|x86.Build.0 = Debug|Win32
		{D5895CDF-4B06-40D0-B6F2-32D5E3A4B354}.Release|x64.ActiveCfg = Release|x64
		{D5895CDF-4B06-40D0-B6F2-32D5E3A4B354}.Release|x64.Build.0 = Release|x64
		{D5895CDF-4B06-40D0-B6F2-32D5E3A4B354}.Release|x86.ActiveCfg = Release|Win32
		{D5895CDF-4B06-40D0-B6F2-32D5E3A4B354}.Release|x86.Build.0 = Release|Win32
		{4C812616-BF65-4582-90EC-DB7C0CEE65B8}.Debug|x64.ActiveCfg = Debug|x64
		{4C812616-BF65-4582-90EC-DB7C0CEE65B8}.Debug|x64.Build.0 = Debug|x64
		{4C812616-BF65-4582-90EC-DB7C0CEE65B8}.Debug|x86.ActiveCfg = Debug|Win32
		{4C812616-BF65-4582-90EC-DB7C0CEE65B8}.Debug|x86.Build.0 = Debug|Win32
		{4C812616-BF65-4582-90EC-DB7C0CEE65B8}.Release|x64.ActiveCfg = Release|x64
		{4C812616-BF65-4582-90EC-DB7C0CEE65B8}.Release|x64.Build.0 = Release|x64
		{4C812616-BF65-4582-90EC-DB7C0CEE65B8}.Release|x86.ActiveCfg = Release|Win32
		{4C812616-BF65-4582-90EC-DB7C0CEE65B8}.Release|x86.Build.0 = Release|Win32
		{755DCB8F-0400-4BBB-8161-422FFB81CA8B}.Debug|x64.ActiveCfg = Debug|x64
		{755DCB8F-0400-4BBB-8161-422FFB81CA8B}.Debug|x64.Build.0 = Debug|x64
		{755DCB8F-0400-4BBB-8161-422FFB81CA8B}.Debug|x86.ActiveCfg = Debug|Win32
		{755DCB8F-0400-4BBB-8161-422FFB81CA8B}.Debug|x86.Build.0 = Debug|Win32
		{755DCB8F-0400-4BBB-8161-422FFB81CA8B}.Release|x64.ActiveCfg = Release|x64
		{755DCB8F-0400-4BBB-8161-422FFB81CA8B}.Release|x64.Build.0 = Release|x64
		{755DCB8F-0400-4BBB-8161-422FFB81CA8B}.Release|x86.ActiveCfg = Release|Win32
		{755DCB8F-0400-4BBB-8161-422FFB81CA8B}.Release|x86.Build.0 = Release|Win32
		{255B43B9-834B-4BE1-9335-05E3471DF99C}.Debug|x64.ActiveCfg = Debug|x64
		{255B43B9-834B-4BE1-9335-05E3471DF99C}.Debug|x64.Build.0 = Debug|x64
		{255B43B9-834B-4BE1-9335-05E3471DF99C}.Debug|x86.ActiveCfg = Debug|Win32
		{255B43B9-834B-4BE1-9335-05E3471DF99C}.Debug|x86.Build.0 = Debug|Win32
		{255B43B9-834B-4BE1-9335-05E3471DF99C}.Release|x64.ActiveCfg = Release|x64
		{255B43B9-834B-4BE1-9335-05E3471DF99C}.Release|x64.Build.0 = Release|x64
		{255B43B9-834B-4BE1-9335-05E3471DF99C}.Release|x86.ActiveCfg = Release|Win32
		{255B43B9-834B-4BE1-9335-05E3471DF99C}.Release|x86.Build.0 = Release|Win32
		{4586BA26-4016-4304-A80D-BA5A26836802}.Debug|x64.ActiveCfg = Debug|x64
		{4586BA26-4016-4304-A80D-BA5A26836802}.Debug|x64.Build.0 = Debug|x64
		{4586BA26-4016-4304-A80D-BA5A26836802}.Debug|x86.ActiveCfg = Debug|Win32
		{4586BA26-4016-4304-A80D-BA5A26836802}.Debug|x86.Build.0 = Debug|Win32
		{4586BA26-4016-4304-A80D-BA5A26836802}.Release|x64.ActiveCfg = Release|x64
		{4586BA26-4016-4304-A80D-BA5A26836802}.Release|x64.Build.0 = Release|x64
		{4586BA26-4016-4304-A80D-BA5A26836802}.Release|x86.ActiveCfg = Release|Win32
		{4586BA26-4016-4304-A80D-BA5A26836802}.Release|x86.Build.0 = Release|Win32
	EndGlobalSection
	GlobalSection(SolutionProperties) = preSolution
		HideSolutionNode = FALSE
	EndGlobalSection
	GlobalSection(ExtensibilityGlobals) = postSolution
		SolutionGuid = {364003E9-1A57-4BE2-ACB0-04FA35E47DF4}
	EndGlobalSection
EndGlobal
